
Microsoft Visual Studio Solution File, Format Version 12.00
# Visual Studio Version 17
VisualStudioVersion = 17.9.34622.214
MinimumVisualStudioVersion = 10.0.40219.1
Project("{FAE04EC0-301F-11D3-BF4B-00C04F79EFBC}") = "NeuralNet", "NeuralNet\NeuralNet.csproj", "{7CAC6066-5A8B-4834-AF51-B445CCAE2E65}"
EndProject
Global
	GlobalSection(SolutionConfigurationPlatforms) = preSolution
		Debug|Any CPU = Debug|Any CPU
		Release|Any CPU = Release|Any CPU
	EndGlobalSection
	GlobalSection(ProjectConfigurationPlatforms) = postSolution
		{7CAC6066-5A8B-4834-AF51-B445CCAE2E65}.Debug|Any CPU.ActiveCfg = Debug|Any CPU
		{7CAC6066-5A8B-4834-AF51-B445CCAE2E65}.Debug|Any CPU.Build.0 = Debug|Any CPU
		{7CAC6066-5A8B-4834-AF51-B445CCAE2E65}.Release|Any CPU.ActiveCfg = Release|Any CPU
		{7CAC6066-5A8B-4834-AF51-B445CCAE2E65}.Release|Any CPU.Build.0 = Release|Any CPU
	EndGlobalSection
	GlobalSection(SolutionProperties) = preSolution
		HideSolutionNode = FALSE
	EndGlobalSection
	GlobalSection(ExtensibilityGlobals) = postSolution
		SolutionGuid = {91B809AF-318D-49F9-A0DE-82E0604E5AF1}
	EndGlobalSection
EndGlobal
